{
  "version": 4,
  "terraform_version": "1.12.2",
  "serial": 4,
  "lineage": "a17dc813-0c35-b810-c87a-bee4ab3fffe9",
  "outputs": {},
  "resources": [
    {
      "mode": "managed",
      "type": "aws_key_pair",
      "name": "deployer",
      "provider": "provider[\"registry.terraform.io/hashicorp/aws\"]",
      "instances": [
        {
          "schema_version": 1,
          "attributes": {
            "arn": "arn:aws:ec2:us-east-1:816158206499:key-pair/terraform-key",
            "fingerprint": "f5:78:60:03:cf:69:6e:c1:0d:93:2d:8b:b3:e4:94:dd",
            "id": "terraform-key",
            "key_name": "terraform-key",
            "key_name_prefix": "",
            "key_pair_id": "key-0a18ff21bb8ce6e08",
            "key_type": "rsa",
            "public_key": "ssh-rsa AAAAB3NzaC1yc2EAAAADAQABAAABAQDHu0djPFgPyQVgiS2GAmT0HjFA4RT629r0rTtxRN+JJ2NGkZTIKa/+m4I39GG8jY7THHlRe8ebgnPLYiAyXoSVhTgkLKgbRIOAJWrgiMNhh6sLeH40isOuCiMhels2OYMeE2y1Yiv308eOqj2saHVdGLn1Xsnw/456mlP1lMqlPhVP3zPRigGOFSJyjoeJvkzdS4oxojZGls37SnKRVcBlj5l6Y0BCnV/cXoNczYIR7m+9X6XtCdGhjo4Q7xbL4cH+9tv7XTsvl2gp7v60Y+5WA3oIaOHvDLgIVpHhW1FQKdr3JfE7WJAstUpGcsRgDYsyXNAmzz9KOVp6kkcR71F1 asus@DESKTOP-R10RPT9",
            "region": "us-east-1",
            "tags": null,
            "tags_all": {}
          },
          "sensitive_attributes": [],
          "identity_schema_version": 0,
          "private": "eyJzY2hlbWFfdmVyc2lvbiI6IjEifQ=="
        }
      ]
    },
    {
      "mode": "managed",
      "type": "aws_security_group",
      "name": "backend_sg",
      "provider": "provider[\"registry.terraform.io/hashicorp/aws\"]",
      "instances": [
        {
          "schema_version": 1,
          "attributes": {
            "arn": "arn:aws:ec2:us-east-1:816158206499:security-group/sg-0719ae906ed51452e",
            "description": "Allow HTTP access on port 8080",
            "egress": [
              {
                "cidr_blocks": [
                  "0.0.0.0/0"
                ],
                "description": "",
                "from_port": 0,
                "ipv6_cidr_blocks": [],
                "prefix_list_ids": [],
                "protocol": "-1",
                "security_groups": [],
                "self": false,
                "to_port": 0
              }
            ],
            "id": "sg-0719ae906ed51452e",
            "ingress": [
              {
                "cidr_blocks": [
                  "0.0.0.0/0"
                ],
                "description": "",
                "from_port": 8080,
                "ipv6_cidr_blocks": [],
                "prefix_list_ids": [],
                "protocol": "tcp",
                "security_groups": [],
                "self": false,
                "to_port": 8080
              }
            ],
            "name": "backend-sg",
            "name_prefix": "",
            "owner_id": "816158206499",
            "region": "us-east-1",
            "revoke_rules_on_delete": false,
            "tags": null,
            "tags_all": {},
            "timeouts": null,
            "vpc_id": "vpc-03fcf643bc4388ff7"
          },
          "sensitive_attributes": [],
          "identity_schema_version": 0,
          "private": "eyJlMmJmYjczMC1lY2FhLTExZTYtOGY4OC0zNDM2M2JjN2M0YzAiOnsiY3JlYXRlIjo2MDAwMDAwMDAwMDAsImRlbGV0ZSI6OTAwMDAwMDAwMDAwfSwic2NoZW1hX3ZlcnNpb24iOiIxIn0="
        }
      ]
    }
  ],
  "check_results": null
}
