{
  "version": 4,
  "terraform_version": "1.12.2",
  "serial": 6,
  "lineage": "a17dc813-0c35-b810-c87a-bee4ab3fffe9",
  "outputs": {
    "instance_public_ip": {
      "value": "18.205.28.183",
      "type": "string"
    }
  },
  "resources": [
    {
      "mode": "managed",
      "type": "aws_instance",
      "name": "backend_instance",
      "provider": "provider[\"registry.terraform.io/hashicorp/aws\"]",
      "instances": [
        {
          "schema_version": 2,
          "attributes": {
            "ami": "ami-0150ccaf51ab55a51",
            "arn": "arn:aws:ec2:us-east-1:816158206499:instance/i-05ce5619afabc0c3a",
            "associate_public_ip_address": true,
            "availability_zone": "us-east-1d",
            "capacity_reservation_specification": [
              {
                "capacity_reservation_preference": "open",
                "capacity_reservation_target": []
              }
            ],
            "cpu_options": [
              {
                "amd_sev_snp": "",
                "core_count": 1,
                "threads_per_core": 1
              }
            ],
            "credit_specification": [
              {
                "cpu_credits": "standard"
              }
            ],
            "disable_api_stop": false,
            "disable_api_termination": false,
            "ebs_block_device": [],
            "ebs_optimized": false,
            "enable_primary_ipv6": null,
            "enclave_options": [
              {
                "enabled": false
              }
            ],
            "ephemeral_block_device": [],
            "get_password_data": false,
            "hibernation": false,
            "host_id": "",
            "host_resource_group_arn": null,
            "iam_instance_profile": "",
            "id": "i-05ce5619afabc0c3a",
            "instance_initiated_shutdown_behavior": "stop",
            "instance_lifecycle": "",
            "instance_market_options": [],
            "instance_state": "running",
            "instance_type": "t2.micro",
            "ipv6_address_count": 0,
            "ipv6_addresses": [],
            "key_name": "terraform-key",
            "launch_template": [],
            "maintenance_options": [
              {
                "auto_recovery": "default"
              }
            ],
            "metadata_options": [
              {
                "http_endpoint": "enabled",
                "http_protocol_ipv6": "disabled",
                "http_put_response_hop_limit": 2,
                "http_tokens": "required",
                "instance_metadata_tags": "disabled"
              }
            ],
            "monitoring": false,
            "network_interface": [],
            "outpost_arn": "",
            "password_data": "",
            "placement_group": "",
            "placement_partition_number": 0,
            "primary_network_interface_id": "eni-0d68d467498ef2bcb",
            "private_dns": "ip-172-31-80-59.ec2.internal",
            "private_dns_name_options": [
              {
                "enable_resource_name_dns_a_record": false,
                "enable_resource_name_dns_aaaa_record": false,
                "hostname_type": "ip-name"
              }
            ],
            "private_ip": "172.31.80.59",
            "public_dns": "ec2-18-205-28-183.compute-1.amazonaws.com",
            "public_ip": "18.205.28.183",
            "region": "us-east-1",
            "root_block_device": [
              {
                "delete_on_termination": true,
                "device_name": "/dev/xvda",
                "encrypted": false,
                "iops": 3000,
                "kms_key_id": "",
                "tags": {},
                "tags_all": {},
                "throughput": 125,
                "volume_id": "vol-07a63c76b8b3e412d",
                "volume_size": 8,
                "volume_type": "gp3"
              }
            ],
            "secondary_private_ips": [],
            "security_groups": [
              "backend-sg"
            ],
            "source_dest_check": true,
            "spot_instance_request_id": "",
            "subnet_id": "subnet-0423cb450850b38e6",
            "tags": {
              "Name": "backend-stock"
            },
            "tags_all": {
              "Name": "backend-stock"
            },
            "tenancy": "default",
            "timeouts": null,
            "user_data": "#!/bin/bash\nyum update -y\namazon-linux-extras install docker -y\nsystemctl start docker\nsystemctl enable docker\n\n# Reemplaza esto con tu nombre de imagen en Docker Hub\ndocker pull 6abraham6/backend:latest\ndocker run -d -p 8080:8080 6abraham6/backend:latest\n",
            "user_data_base64": null,
            "user_data_replace_on_change": false,
            "volume_tags": null,
            "vpc_security_group_ids": [
              "sg-0719ae906ed51452e"
            ]
          },
          "sensitive_attributes": [],
          "identity_schema_version": 0,
          "private": "eyJlMmJmYjczMC1lY2FhLTExZTYtOGY4OC0zNDM2M2JjN2M0YzAiOnsiY3JlYXRlIjo2MDAwMDAwMDAwMDAsImRlbGV0ZSI6MTIwMDAwMDAwMDAwMCwicmVhZCI6OTAwMDAwMDAwMDAwLCJ1cGRhdGUiOjYwMDAwMDAwMDAwMH0sInNjaGVtYV92ZXJzaW9uIjoiMiJ9",
          "dependencies": [
            "aws_key_pair.deployer",
            "aws_security_group.backend_sg"
          ]
        }
      ]
    },
    {
      "mode": "managed",
      "type": "aws_key_pair",
      "name": "deployer",
      "provider": "provider[\"registry.terraform.io/hashicorp/aws\"]",
      "instances": [
        {
          "schema_version": 1,
          "attributes": {
            "arn": "arn:aws:ec2:us-east-1:816158206499:key-pair/terraform-key",
            "fingerprint": "f5:78:60:03:cf:69:6e:c1:0d:93:2d:8b:b3:e4:94:dd",
            "id": "terraform-key",
            "key_name": "terraform-key",
            "key_name_prefix": "",
            "key_pair_id": "key-0a18ff21bb8ce6e08",
            "key_type": "rsa",
            "public_key": "ssh-rsa AAAAB3NzaC1yc2EAAAADAQABAAABAQDHu0djPFgPyQVgiS2GAmT0HjFA4RT629r0rTtxRN+JJ2NGkZTIKa/+m4I39GG8jY7THHlRe8ebgnPLYiAyXoSVhTgkLKgbRIOAJWrgiMNhh6sLeH40isOuCiMhels2OYMeE2y1Yiv308eOqj2saHVdGLn1Xsnw/456mlP1lMqlPhVP3zPRigGOFSJyjoeJvkzdS4oxojZGls37SnKRVcBlj5l6Y0BCnV/cXoNczYIR7m+9X6XtCdGhjo4Q7xbL4cH+9tv7XTsvl2gp7v60Y+5WA3oIaOHvDLgIVpHhW1FQKdr3JfE7WJAstUpGcsRgDYsyXNAmzz9KOVp6kkcR71F1 asus@DESKTOP-R10RPT9",
            "region": "us-east-1",
            "tags": {},
            "tags_all": {}
          },
          "sensitive_attributes": [],
          "identity_schema_version": 0,
          "private": "eyJzY2hlbWFfdmVyc2lvbiI6IjEifQ=="
        }
      ]
    },
    {
      "mode": "managed",
      "type": "aws_security_group",
      "name": "backend_sg",
      "provider": "provider[\"registry.terraform.io/hashicorp/aws\"]",
      "instances": [
        {
          "schema_version": 1,
          "attributes": {
            "arn": "arn:aws:ec2:us-east-1:816158206499:security-group/sg-0719ae906ed51452e",
            "description": "Allow HTTP access on port 8080",
            "egress": [
              {
                "cidr_blocks": [
                  "0.0.0.0/0"
                ],
                "description": "",
                "from_port": 0,
                "ipv6_cidr_blocks": [],
                "prefix_list_ids": [],
                "protocol": "-1",
                "security_groups": [],
                "self": false,
                "to_port": 0
              }
            ],
            "id": "sg-0719ae906ed51452e",
            "ingress": [
              {
                "cidr_blocks": [
                  "0.0.0.0/0"
                ],
                "description": "",
                "from_port": 8080,
                "ipv6_cidr_blocks": [],
                "prefix_list_ids": [],
                "protocol": "tcp",
                "security_groups": [],
                "self": false,
                "to_port": 8080
              }
            ],
            "name": "backend-sg",
            "name_prefix": "",
            "owner_id": "816158206499",
            "region": "us-east-1",
            "revoke_rules_on_delete": false,
            "tags": {},
            "tags_all": {},
            "timeouts": null,
            "vpc_id": "vpc-03fcf643bc4388ff7"
          },
          "sensitive_attributes": [],
          "identity_schema_version": 0,
          "private": "eyJlMmJmYjczMC1lY2FhLTExZTYtOGY4OC0zNDM2M2JjN2M0YzAiOnsiY3JlYXRlIjo2MDAwMDAwMDAwMDAsImRlbGV0ZSI6OTAwMDAwMDAwMDAwfSwic2NoZW1hX3ZlcnNpb24iOiIxIn0="
        }
      ]
    }
  ],
  "check_results": null
}
